{
  "version": 4,
  "terraform_version": "1.14.2",
  "serial": 28,
  "lineage": "c223c6ae-934e-7e20-5cbb-530029c8d1d2",
  "outputs": {
    "instance_ip": {
      "value": "34.40.120.4",
      "type": "string"
    },
    "instance_name": {
      "value": "webapp-vm",
      "type": "string"
    },
    "ssh_user": {
      "value": "deploy",
      "type": "string"
    }
  },
  "resources": [
    {
      "mode": "managed",
      "type": "google_compute_firewall",
      "name": "vault_access",
      "provider": "provider[\"registry.terraform.io/hashicorp/google\"]",
      "instances": [
        {
          "schema_version": 1,
          "attributes": {
            "allow": [
              {
                "ports": [
                  "8200"
                ],
                "protocol": "tcp"
              }
            ],
            "creation_timestamp": "2025-12-14T08:33:26.945-08:00",
            "deny": [],
            "description": "Allow Vault access from webapp server",
            "destination_ranges": [],
            "direction": "INGRESS",
            "disabled": false,
            "enable_logging": null,
            "id": "projects/quiet-vertex-477109-t8/global/firewalls/vault-access",
            "log_config": [],
            "name": "vault-access",
            "network": "https://www.googleapis.com/compute/v1/projects/quiet-vertex-477109-t8/global/networks/default",
            "priority": 1000,
            "project": "quiet-vertex-477109-t8",
            "self_link": "https://www.googleapis.com/compute/v1/projects/quiet-vertex-477109-t8/global/firewalls/vault-access",
            "source_ranges": [],
            "source_service_accounts": [],
            "source_tags": [
              "webapp"
            ],
            "target_service_accounts": [],
            "target_tags": [],
            "timeouts": null
          },
          "sensitive_attributes": [],
          "identity_schema_version": 0,
          "private": "eyJlMmJmYjczMC1lY2FhLTExZTYtOGY4OC0zNDM2M2JjN2M0YzAiOnsiY3JlYXRlIjoxMjAwMDAwMDAwMDAwLCJkZWxldGUiOjEyMDAwMDAwMDAwMDAsInVwZGF0ZSI6MTIwMDAwMDAwMDAwMH0sInNjaGVtYV92ZXJzaW9uIjoiMSJ9"
        }
      ]
    },
    {
      "mode": "managed",
      "type": "google_compute_instance",
      "name": "webapp",
      "provider": "provider[\"registry.terraform.io/hashicorp/google\"]",
      "instances": [
        {
          "schema_version": 6,
          "attributes": {
            "advanced_machine_features": [],
            "allow_stopping_for_update": null,
            "attached_disk": [],
            "boot_disk": [
              {
                "auto_delete": true,
                "device_name": "persistent-disk-0",
                "disk_encryption_key_raw": "",
                "disk_encryption_key_sha256": "",
                "initialize_params": [
                  {
                    "enable_confidential_compute": false,
                    "image": "https://www.googleapis.com/compute/v1/projects/ubuntu-os-cloud/global/images/ubuntu-2204-jammy-v20251212",
                    "labels": {},
                    "provisioned_iops": 0,
                    "provisioned_throughput": 0,
                    "resource_manager_tags": {},
                    "size": 40,
                    "storage_pool": "",
                    "type": "pd-balanced"
                  }
                ],
                "kms_key_self_link": "",
                "mode": "READ_WRITE",
                "source": "https://www.googleapis.com/compute/v1/projects/quiet-vertex-477109-t8/zones/europe-west3-c/disks/webapp-vm"
              }
            ],
            "can_ip_forward": false,
            "confidential_instance_config": [],
            "cpu_platform": "Intel Broadwell",
            "current_status": "RUNNING",
            "deletion_protection": false,
            "description": "",
            "desired_status": null,
            "effective_labels": {
              "environment": "prod",
              "owner": "ilya",
              "role": "webapp"
            },
            "enable_display": false,
            "guest_accelerator": [],
            "hostname": "",
            "id": "projects/quiet-vertex-477109-t8/zones/europe-west3-c/instances/webapp-vm",
            "instance_id": "4192891865077561910",
            "label_fingerprint": "7sz_I_bjcCc=",
            "labels": {
              "environment": "prod",
              "owner": "ilya",
              "role": "webapp"
            },
            "machine_type": "e2-standard-2",
            "metadata": {
              "ssh-keys": "deploy:ssh-ed25519 AAAAC3NzaC1lZDI1NTE5AAAAIK4FAAMwb7RvTsvUeSvScnkTdlsQL2wda9AzcJZv4PyJ ilia@pc"
            },
            "metadata_fingerprint": "Xcb-HlIhlxE=",
            "metadata_startup_script": "",
            "min_cpu_platform": "",
            "name": "webapp-vm",
            "network_interface": [
              {
                "access_config": [
                  {
                    "nat_ip": "34.40.120.4",
                    "network_tier": "PREMIUM",
                    "public_ptr_domain_name": ""
                  }
                ],
                "alias_ip_range": [],
                "internal_ipv6_prefix_length": 0,
                "ipv6_access_config": [],
                "ipv6_access_type": "",
                "ipv6_address": "",
                "name": "nic0",
                "network": "https://www.googleapis.com/compute/v1/projects/quiet-vertex-477109-t8/global/networks/default",
                "network_ip": "10.156.0.11",
                "nic_type": "",
                "queue_count": 0,
                "stack_type": "IPV4_ONLY",
                "subnetwork": "https://www.googleapis.com/compute/v1/projects/quiet-vertex-477109-t8/regions/europe-west3/subnetworks/default",
                "subnetwork_project": "quiet-vertex-477109-t8"
              }
            ],
            "network_performance_config": [],
            "params": [],
            "project": "quiet-vertex-477109-t8",
            "reservation_affinity": [],
            "resource_policies": [],
            "scheduling": [
              {
                "automatic_restart": true,
                "instance_termination_action": "",
                "local_ssd_recovery_timeout": [],
                "max_run_duration": [],
                "min_node_cpus": 0,
                "node_affinities": [],
                "on_host_maintenance": "MIGRATE",
                "on_instance_stop_action": [],
                "preemptible": false,
                "provisioning_model": "STANDARD"
              }
            ],
            "scratch_disk": [],
            "self_link": "https://www.googleapis.com/compute/v1/projects/quiet-vertex-477109-t8/zones/europe-west3-c/instances/webapp-vm",
            "service_account": [],
            "shielded_instance_config": [
              {
                "enable_integrity_monitoring": true,
                "enable_secure_boot": false,
                "enable_vtpm": true
              }
            ],
            "tags": [
              "webapp"
            ],
            "tags_fingerprint": "pcAAS7HPk-4=",
            "terraform_labels": {
              "environment": "prod",
              "owner": "ilya",
              "role": "webapp"
            },
            "timeouts": null,
            "zone": "europe-west3-c"
          },
          "sensitive_attributes": [
            [
              {
                "type": "get_attr",
                "value": "boot_disk"
              },
              {
                "type": "index",
                "value": {
                  "value": 0,
                  "type": "number"
                }
              },
              {
                "type": "get_attr",
                "value": "disk_encryption_key_raw"
              }
            ]
          ],
          "identity_schema_version": 0,
          "private": "eyJlMmJmYjczMC1lY2FhLTExZTYtOGY4OC0zNDM2M2JjN2M0YzAiOnsiY3JlYXRlIjoxMjAwMDAwMDAwMDAwLCJkZWxldGUiOjEyMDAwMDAwMDAwMDAsInVwZGF0ZSI6MTIwMDAwMDAwMDAwMH0sInNjaGVtYV92ZXJzaW9uIjoiNiJ9"
        }
      ]
    }
  ],
  "check_results": null
}
